
Microsoft Visual Studio Solution File, Format Version 12.00
# Visual Studio 15
VisualStudioVersion = 15.0.28307.1340
MinimumVisualStudioVersion = 10.0.40219.1
Project("{FAE04EC0-301F-11D3-BF4B-00C04F79EFBC}") = "Engine", "Engine\Engine.csproj", "{A7543D36-D42D-4C18-81B6-34E778D2E0AF}"
EndProject
Project("{FAE04EC0-301F-11D3-BF4B-00C04F79EFBC}") = "CartService", "CartService\CartService.csproj", "{05CF2220-3E82-4826-B170-92C298DE9182}"
EndProject
Project("{FAE04EC0-301F-11D3-BF4B-00C04F79EFBC}") = "DataModel", "DataModel\DataModel.csproj", "{BF720A30-FB09-404D-B4E5-3ACA37B8A639}"
EndProject
Project("{FAE04EC0-301F-11D3-BF4B-00C04F79EFBC}") = "PromotionsLib", "PromotionsLib\PromotionsLib.csproj", "{CF326927-364E-4A8F-A227-9A57A36E2483}"
EndProject
Project("{FAE04EC0-301F-11D3-BF4B-00C04F79EFBC}") = "UnitTests", "UnitTests\UnitTests.csproj", "{3897ADE4-D441-4578-95D8-307D95ADE2A1}"
EndProject
Global
	GlobalSection(SolutionConfigurationPlatforms) = preSolution
		Debug|Any CPU = Debug|Any CPU
		Release|Any CPU = Release|Any CPU
	EndGlobalSection
	GlobalSection(ProjectConfigurationPlatforms) = postSolution
		{A7543D36-D42D-4C18-81B6-34E778D2E0AF}.Debug|Any CPU.ActiveCfg = Debug|Any CPU
		{A7543D36-D42D-4C18-81B6-34E778D2E0AF}.Debug|Any CPU.Build.0 = Debug|Any CPU
		{A7543D36-D42D-4C18-81B6-34E778D2E0AF}.Release|Any CPU.ActiveCfg = Release|Any CPU
		{A7543D36-D42D-4C18-81B6-34E778D2E0AF}.Release|Any CPU.Build.0 = Release|Any CPU
		{05CF2220-3E82-4826-B170-92C298DE9182}.Debug|Any CPU.ActiveCfg = Debug|Any CPU
		{05CF2220-3E82-4826-B170-92C298DE9182}.Debug|Any CPU.Build.0 = Debug|Any CPU
		{05CF2220-3E82-4826-B170-92C298DE9182}.Release|Any CPU.ActiveCfg = Release|Any CPU
		{05CF2220-3E82-4826-B170-92C298DE9182}.Release|Any CPU.Build.0 = Release|Any CPU
		{BF720A30-FB09-404D-B4E5-3ACA37B8A639}.Debug|Any CPU.ActiveCfg = Debug|Any CPU
		{BF720A30-FB09-404D-B4E5-3ACA37B8A639}.Debug|Any CPU.Build.0 = Debug|Any CPU
		{BF720A30-FB09-404D-B4E5-3ACA37B8A639}.Release|Any CPU.ActiveCfg = Release|Any CPU
		{BF720A30-FB09-404D-B4E5-3ACA37B8A639}.Release|Any CPU.Build.0 = Release|Any CPU
		{CF326927-364E-4A8F-A227-9A57A36E2483}.Debug|Any CPU.ActiveCfg = Debug|Any CPU
		{CF326927-364E-4A8F-A227-9A57A36E2483}.Debug|Any CPU.Build.0 = Debug|Any CPU
		{CF326927-364E-4A8F-A227-9A57A36E2483}.Release|Any CPU.ActiveCfg = Release|Any CPU
		{CF326927-364E-4A8F-A227-9A57A36E2483}.Release|Any CPU.Build.0 = Release|Any CPU
		{3897ADE4-D441-4578-95D8-307D95ADE2A1}.Debug|Any CPU.ActiveCfg = Debug|Any CPU
		{3897ADE4-D441-4578-95D8-307D95ADE2A1}.Debug|Any CPU.Build.0 = Debug|Any CPU
		{3897ADE4-D441-4578-95D8-307D95ADE2A1}.Release|Any CPU.ActiveCfg = Release|Any CPU
		{3897ADE4-D441-4578-95D8-307D95ADE2A1}.Release|Any CPU.Build.0 = Release|Any CPU
	EndGlobalSection
	GlobalSection(SolutionProperties) = preSolution
		HideSolutionNode = FALSE
	EndGlobalSection
	GlobalSection(ExtensibilityGlobals) = postSolution
		SolutionGuid = {F8E6285D-98E0-44F2-867E-E4B5B7EAC446}
	EndGlobalSection
EndGlobal
